
Microsoft Visual Studio Solution File, Format Version 12.00
# Visual Studio Version 17
VisualStudioVersion = 17.14.36109.1
MinimumVisualStudioVersion = 10.0.40219.1
Project("{FAE04EC0-301F-11D3-BF4B-00C04F79EFBC}") = "BudgetingApp.Web", "BudgetingApp.Web\BudgetingApp.Web.csproj", "{EEBFEEB4-B842-4673-2A54-DEA8C9CD77D3}"
EndProject
Project("{FAE04EC0-301F-11D3-BF4B-00C04F79EFBC}") = "BudgetingApp.Data", "BudgetingApp.Data\BudgetingApp.Data.csproj", "{EB1DA30E-C209-431C-486B-01CC3632CC25}"
EndProject
Project("{FAE04EC0-301F-11D3-BF4B-00C04F79EFBC}") = "Helpers", "Helpers\Helpers.csproj", "{FD507341-7C5B-4FB6-9C16-622192BC2016}"
EndProject
Global
	GlobalSection(SolutionConfigurationPlatforms) = preSolution
		Debug|Any CPU = Debug|Any CPU
		Release|Any CPU = Release|Any CPU
	EndGlobalSection
	GlobalSection(ProjectConfigurationPlatforms) = postSolution
		{EEBFEEB4-B842-4673-2A54-DEA8C9CD77D3}.Debug|Any CPU.ActiveCfg = Debug|Any CPU
		{EEBFEEB4-B842-4673-2A54-DEA8C9CD77D3}.Debug|Any CPU.Build.0 = Debug|Any CPU
		{EEBFEEB4-B842-4673-2A54-DEA8C9CD77D3}.Release|Any CPU.ActiveCfg = Release|Any CPU
		{EEBFEEB4-B842-4673-2A54-DEA8C9CD77D3}.Release|Any CPU.Build.0 = Release|Any CPU
		{EB1DA30E-C209-431C-486B-01CC3632CC25}.Debug|Any CPU.ActiveCfg = Debug|Any CPU
		{EB1DA30E-C209-431C-486B-01CC3632CC25}.Debug|Any CPU.Build.0 = Debug|Any CPU
		{EB1DA30E-C209-431C-486B-01CC3632CC25}.Release|Any CPU.ActiveCfg = Release|Any CPU
		{EB1DA30E-C209-431C-486B-01CC3632CC25}.Release|Any CPU.Build.0 = Release|Any CPU
		{FD507341-7C5B-4FB6-9C16-622192BC2016}.Debug|Any CPU.ActiveCfg = Debug|Any CPU
		{FD507341-7C5B-4FB6-9C16-622192BC2016}.Debug|Any CPU.Build.0 = Debug|Any CPU
		{FD507341-7C5B-4FB6-9C16-622192BC2016}.Release|Any CPU.ActiveCfg = Release|Any CPU
		{FD507341-7C5B-4FB6-9C16-622192BC2016}.Release|Any CPU.Build.0 = Release|Any CPU
	EndGlobalSection
	GlobalSection(SolutionProperties) = preSolution
		HideSolutionNode = FALSE
	EndGlobalSection
	GlobalSection(ExtensibilityGlobals) = postSolution
		SolutionGuid = {5BD70968-752E-4DB4-A0CE-386B7F6827A1}
	EndGlobalSection
EndGlobal
